
Microsoft Visual Studio Solution File, Format Version 12.00
# Visual Studio Version 17
VisualStudioVersion = 17.3.32825.248
MinimumVisualStudioVersion = 10.0.40219.1
Project("{FAE04EC0-301F-11D3-BF4B-00C04F79EFBC}") = "Arrays", "Arrays\Arrays.csproj", "{55029E52-1026-4999-AF3D-7F6749484CC4}"
EndProject
Project("{2150E333-8FDC-42A3-9474-1A3956D46DE8}") = "Solution Items", "Solution Items", "{2773A8DA-AA27-486F-9DE8-E2CD7401B902}"
	ProjectSection(SolutionItems) = preProject
		.editorconfig = .editorconfig
	EndProjectSection
EndProject
Global
	GlobalSection(SolutionConfigurationPlatforms) = preSolution
		Debug|Any CPU = Debug|Any CPU
		Release|Any CPU = Release|Any CPU
	EndGlobalSection
	GlobalSection(ProjectConfigurationPlatforms) = postSolution
		{55029E52-1026-4999-AF3D-7F6749484CC4}.Debug|Any CPU.ActiveCfg = Debug|Any CPU
		{55029E52-1026-4999-AF3D-7F6749484CC4}.Debug|Any CPU.Build.0 = Debug|Any CPU
		{55029E52-1026-4999-AF3D-7F6749484CC4}.Release|Any CPU.ActiveCfg = Release|Any CPU
		{55029E52-1026-4999-AF3D-7F6749484CC4}.Release|Any CPU.Build.0 = Release|Any CPU
	EndGlobalSection
	GlobalSection(SolutionProperties) = preSolution
		HideSolutionNode = FALSE
	EndGlobalSection
	GlobalSection(ExtensibilityGlobals) = postSolution
		SolutionGuid = {CCD0FCE7-895B-4258-9505-4DCCB9ECD8D4}
	EndGlobalSection
EndGlobal
